{
  "version": 4,
  "terraform_version": "1.9.7",
  "serial": 20,
  "lineage": "481cf889-4b30-501d-f03a-59009df5c616",
  "outputs": {},
  "resources": [
    {
      "mode": "managed",
      "type": "google_cloudfunctions_function",
      "name": "my_function",
      "provider": "provider[\"registry.terraform.io/hashicorp/google\"]",
      "instances": [
        {
          "status": "tainted",
          "schema_version": 0,
          "attributes": {
            "available_memory_mb": 128,
            "build_environment_variables": null,
            "build_service_account": null,
            "build_worker_pool": null,
            "description": null,
            "docker_registry": null,
            "docker_repository": null,
            "effective_labels": {
              "goog-terraform-provisioned": "true"
            },
            "entry_point": "hello_http",
            "environment_variables": null,
            "event_trigger": null,
            "https_trigger_security_level": null,
            "https_trigger_url": null,
            "id": "projects/projectcsvtoparquet/locations/europe-west2/functions/my-function",
            "ingress_settings": "ALLOW_ALL",
            "kms_key_name": null,
            "labels": null,
            "max_instances": null,
            "min_instances": null,
            "name": "my-function",
            "project": "projectcsvtoparquet",
            "region": "europe-west2",
            "runtime": "python312",
            "secret_environment_variables": [],
            "secret_volumes": [],
            "service_account_email": null,
            "source_archive_bucket": "bucket-from-terra",
            "source_archive_object": "fonction/function-source.zip",
            "source_repository": [],
            "status": null,
            "terraform_labels": {
              "goog-terraform-provisioned": "true"
            },
            "timeout": 60,
            "timeouts": null,
            "trigger_http": true,
            "version_id": null,
            "vpc_connector": null,
            "vpc_connector_egress_settings": null
          },
          "sensitive_attributes": [],
          "private": "eyJlMmJmYjczMC1lY2FhLTExZTYtOGY4OC0zNDM2M2JjN2M0YzAiOnsiY3JlYXRlIjozMDAwMDAwMDAwMDAsImRlbGV0ZSI6MzAwMDAwMDAwMDAwLCJyZWFkIjozMDAwMDAwMDAwMDAsInVwZGF0ZSI6MzAwMDAwMDAwMDAwfX0=",
          "dependencies": [
            "google_storage_bucket.GSC1"
          ]
        }
      ]
    },
    {
      "mode": "managed",
      "type": "google_storage_bucket",
      "name": "GSC1",
      "provider": "provider[\"registry.terraform.io/hashicorp/google\"]",
      "instances": [
        {
          "schema_version": 3,
          "attributes": {
            "autoclass": [],
            "cors": [],
            "custom_placement_config": [],
            "default_event_based_hold": false,
            "effective_labels": {
              "goog-terraform-provisioned": "true",
              "key1": "value1",
              "key2": "value2"
            },
            "enable_object_retention": false,
            "encryption": [],
            "force_destroy": false,
            "id": "bucket-from-terra",
            "labels": {
              "key1": "value1",
              "key2": "value2"
            },
            "lifecycle_rule": [],
            "location": "EUROPE-WEST2",
            "logging": [],
            "name": "bucket-from-terra",
            "project": "projectcsvtoparquet",
            "project_number": 440264220584,
            "public_access_prevention": "inherited",
            "requester_pays": false,
            "retention_policy": [],
            "rpo": null,
            "self_link": "https://www.googleapis.com/storage/v1/b/bucket-from-terra",
            "soft_delete_policy": [
              {
                "effective_time": "2024-10-11T09:50:21.019Z",
                "retention_duration_seconds": 604800
              }
            ],
            "storage_class": "STANDARD",
            "terraform_labels": {
              "goog-terraform-provisioned": "true",
              "key1": "value1",
              "key2": "value2"
            },
            "timeouts": null,
            "uniform_bucket_level_access": true,
            "url": "gs://bucket-from-terra",
            "versioning": [],
            "website": []
          },
          "sensitive_attributes": [],
          "private": "eyJlMmJmYjczMC1lY2FhLTExZTYtOGY4OC0zNDM2M2JjN2M0YzAiOnsiY3JlYXRlIjo2MDAwMDAwMDAwMDAsInJlYWQiOjI0MDAwMDAwMDAwMCwidXBkYXRlIjoyNDAwMDAwMDAwMDB9LCJzY2hlbWFfdmVyc2lvbiI6IjMifQ=="
        }
      ]
    },
    {
      "mode": "managed",
      "type": "google_storage_bucket_object",
      "name": "csv_upload",
      "provider": "provider[\"registry.terraform.io/hashicorp/google\"]",
      "instances": [
        {
          "schema_version": 0,
          "attributes": {
            "bucket": "bucket-from-terra",
            "cache_control": "",
            "content": null,
            "content_disposition": "",
            "content_encoding": "",
            "content_language": "",
            "content_type": "text/plain; charset=utf-8",
            "crc32c": "CyHV8A==",
            "customer_encryption": [],
            "detect_md5hash": "icmPeKBQOhAZy0MfBnvR5Q==",
            "event_based_hold": false,
            "generation": 1728649017530291,
            "id": "bucket-from-terra-clients.csv",
            "kms_key_name": "",
            "md5hash": "icmPeKBQOhAZy0MfBnvR5Q==",
            "media_link": "https://storage.googleapis.com/download/storage/v1/b/bucket-from-terra/o/clients.csv?generation=1728649017530291\u0026alt=media",
            "metadata": {},
            "name": "clients.csv",
            "output_name": "clients.csv",
            "retention": [],
            "self_link": "https://www.googleapis.com/storage/v1/b/bucket-from-terra/o/clients.csv",
            "source": "/home/clara/code/ClaraGilles/project_terra/CSV/clients.csv",
            "storage_class": "STANDARD",
            "temporary_hold": false,
            "timeouts": null
          },
          "sensitive_attributes": [
            [
              {
                "type": "get_attr",
                "value": "content"
              }
            ]
          ],
          "private": "eyJlMmJmYjczMC1lY2FhLTExZTYtOGY4OC0zNDM2M2JjN2M0YzAiOnsiY3JlYXRlIjoyNDAwMDAwMDAwMDAsImRlbGV0ZSI6MjQwMDAwMDAwMDAwLCJ1cGRhdGUiOjI0MDAwMDAwMDAwMH19",
          "dependencies": [
            "google_storage_bucket.GSC1"
          ]
        }
      ]
    },
    {
      "mode": "managed",
      "type": "google_storage_bucket_object",
      "name": "file",
      "provider": "provider[\"registry.terraform.io/hashicorp/google\"]",
      "instances": [
        {
          "schema_version": 0,
          "attributes": {
            "bucket": "bucket-from-terra",
            "cache_control": "",
            "content": null,
            "content_disposition": "",
            "content_encoding": "",
            "content_language": "",
            "content_type": "image/jpeg",
            "crc32c": "xbR8xQ==",
            "customer_encryption": [],
            "detect_md5hash": "OAXSwnuKYVfxuxs7NOzWuA==",
            "event_based_hold": false,
            "generation": 1728651170727787,
            "id": "bucket-from-terra-random.jpg",
            "kms_key_name": "",
            "md5hash": "OAXSwnuKYVfxuxs7NOzWuA==",
            "media_link": "https://storage.googleapis.com/download/storage/v1/b/bucket-from-terra/o/random.jpg?generation=1728651170727787\u0026alt=media",
            "metadata": {},
            "name": "random.jpg",
            "output_name": "random.jpg",
            "retention": [],
            "self_link": "https://www.googleapis.com/storage/v1/b/bucket-from-terra/o/random.jpg",
            "source": "random.jpg",
            "storage_class": "STANDARD",
            "temporary_hold": false,
            "timeouts": null
          },
          "sensitive_attributes": [
            [
              {
                "type": "get_attr",
                "value": "content"
              }
            ]
          ],
          "private": "eyJlMmJmYjczMC1lY2FhLTExZTYtOGY4OC0zNDM2M2JjN2M0YzAiOnsiY3JlYXRlIjoyNDAwMDAwMDAwMDAsImRlbGV0ZSI6MjQwMDAwMDAwMDAwLCJ1cGRhdGUiOjI0MDAwMDAwMDAwMH19",
          "dependencies": [
            "google_storage_bucket.GSC1"
          ]
        }
      ]
    },
    {
      "mode": "managed",
      "type": "google_storage_bucket_object",
      "name": "function_upload",
      "provider": "provider[\"registry.terraform.io/hashicorp/google\"]",
      "instances": [
        {
          "schema_version": 0,
          "attributes": {
            "bucket": "bucket-from-terra",
            "cache_control": "",
            "content": null,
            "content_disposition": "",
            "content_encoding": "",
            "content_language": "",
            "content_type": "application/zip",
            "crc32c": "u1oVKw==",
            "customer_encryption": [],
            "detect_md5hash": "oXWX+dxhaNGk59n5c/4LhA==",
            "event_based_hold": false,
            "generation": 1728651170679607,
            "id": "bucket-from-terra-function",
            "kms_key_name": "",
            "md5hash": "oXWX+dxhaNGk59n5c/4LhA==",
            "media_link": "https://storage.googleapis.com/download/storage/v1/b/bucket-from-terra/o/function?generation=1728651170679607\u0026alt=media",
            "metadata": {},
            "name": "function",
            "output_name": "function",
            "retention": [],
            "self_link": "https://www.googleapis.com/storage/v1/b/bucket-from-terra/o/function",
            "source": "/home/clara/code/ClaraGilles/project_terra/fonction/function-source.zip",
            "storage_class": "STANDARD",
            "temporary_hold": false,
            "timeouts": null
          },
          "sensitive_attributes": [
            [
              {
                "type": "get_attr",
                "value": "content"
              }
            ]
          ],
          "private": "eyJlMmJmYjczMC1lY2FhLTExZTYtOGY4OC0zNDM2M2JjN2M0YzAiOnsiY3JlYXRlIjoyNDAwMDAwMDAwMDAsImRlbGV0ZSI6MjQwMDAwMDAwMDAwLCJ1cGRhdGUiOjI0MDAwMDAwMDAwMH19",
          "dependencies": [
            "google_storage_bucket.GSC1"
          ]
        }
      ]
    }
  ],
  "check_results": null
}
